
Microsoft Visual Studio Solution File, Format Version 12.00
# Visual Studio Version 16
VisualStudioVersion = 16.0.30114.105
MinimumVisualStudioVersion = 10.0.40219.1
Project("{2150E333-8FDC-42A3-9474-1A3956D46DE8}") = "src", "src", "{71E0AF55-D8F1-40AF-86A2-D482B0867722}"
EndProject
Project("{FAE04EC0-301F-11D3-BF4B-00C04F79EFBC}") = "IdentityServer", "src\IdentityServer\IdentityServer.csproj", "{A70FB92A-ED41-418B-989A-4A25EACBE791}"
EndProject
Project("{FAE04EC0-301F-11D3-BF4B-00C04F79EFBC}") = "Api", "src\Api\Api.csproj", "{A0D13975-2F3C-405B-82CF-8CB061A51495}"
EndProject
Project("{FAE04EC0-301F-11D3-BF4B-00C04F79EFBC}") = "Console_client", "src\Console_client\Console_client.csproj", "{E5BD4728-CA05-4F4B-A24A-8630C3F55034}"
EndProject
Project("{FAE04EC0-301F-11D3-BF4B-00C04F79EFBC}") = "MVC_Client", "src\MVC_Client\MVC_Client.csproj", "{C6EB2EBE-BDD1-41AF-A299-DA77FB43A298}"
EndProject
Global
	GlobalSection(SolutionConfigurationPlatforms) = preSolution
		Debug|Any CPU = Debug|Any CPU
		Release|Any CPU = Release|Any CPU
	EndGlobalSection
	GlobalSection(SolutionProperties) = preSolution
		HideSolutionNode = FALSE
	EndGlobalSection
	GlobalSection(ProjectConfigurationPlatforms) = postSolution
		{A70FB92A-ED41-418B-989A-4A25EACBE791}.Debug|Any CPU.ActiveCfg = Debug|Any CPU
		{A70FB92A-ED41-418B-989A-4A25EACBE791}.Debug|Any CPU.Build.0 = Debug|Any CPU
		{A70FB92A-ED41-418B-989A-4A25EACBE791}.Release|Any CPU.ActiveCfg = Release|Any CPU
		{A70FB92A-ED41-418B-989A-4A25EACBE791}.Release|Any CPU.Build.0 = Release|Any CPU
		{A0D13975-2F3C-405B-82CF-8CB061A51495}.Debug|Any CPU.ActiveCfg = Debug|Any CPU
		{A0D13975-2F3C-405B-82CF-8CB061A51495}.Debug|Any CPU.Build.0 = Debug|Any CPU
		{A0D13975-2F3C-405B-82CF-8CB061A51495}.Release|Any CPU.ActiveCfg = Release|Any CPU
		{A0D13975-2F3C-405B-82CF-8CB061A51495}.Release|Any CPU.Build.0 = Release|Any CPU
		{E5BD4728-CA05-4F4B-A24A-8630C3F55034}.Debug|Any CPU.ActiveCfg = Debug|Any CPU
		{E5BD4728-CA05-4F4B-A24A-8630C3F55034}.Debug|Any CPU.Build.0 = Debug|Any CPU
		{E5BD4728-CA05-4F4B-A24A-8630C3F55034}.Release|Any CPU.ActiveCfg = Release|Any CPU
		{E5BD4728-CA05-4F4B-A24A-8630C3F55034}.Release|Any CPU.Build.0 = Release|Any CPU
		{C6EB2EBE-BDD1-41AF-A299-DA77FB43A298}.Debug|Any CPU.ActiveCfg = Debug|Any CPU
		{C6EB2EBE-BDD1-41AF-A299-DA77FB43A298}.Debug|Any CPU.Build.0 = Debug|Any CPU
		{C6EB2EBE-BDD1-41AF-A299-DA77FB43A298}.Release|Any CPU.ActiveCfg = Release|Any CPU
		{C6EB2EBE-BDD1-41AF-A299-DA77FB43A298}.Release|Any CPU.Build.0 = Release|Any CPU
	EndGlobalSection
	GlobalSection(NestedProjects) = preSolution
		{A70FB92A-ED41-418B-989A-4A25EACBE791} = {71E0AF55-D8F1-40AF-86A2-D482B0867722}
		{A0D13975-2F3C-405B-82CF-8CB061A51495} = {71E0AF55-D8F1-40AF-86A2-D482B0867722}
		{E5BD4728-CA05-4F4B-A24A-8630C3F55034} = {71E0AF55-D8F1-40AF-86A2-D482B0867722}
		{C6EB2EBE-BDD1-41AF-A299-DA77FB43A298} = {71E0AF55-D8F1-40AF-86A2-D482B0867722}
	EndGlobalSection
EndGlobal
