
Microsoft Visual Studio Solution File, Format Version 12.00
# Visual Studio Version 16
VisualStudioVersion = 16.0.30204.135
MinimumVisualStudioVersion = 10.0.40219.1
Project("{9A19103F-16F7-4668-BE54-9A1E7A4F7556}") = "Diagnostic", "Diagnostic\Diagnostic.csproj", "{89CE15BB-F684-4704-8B8E-04C0681032A7}"
EndProject
Project("{9A19103F-16F7-4668-BE54-9A1E7A4F7556}") = "FFTtest", "FFTtest\FFTtest.csproj", "{14110707-FDCD-4958-8925-06CBF22D2BC1}"
EndProject
Project("{9A19103F-16F7-4668-BE54-9A1E7A4F7556}") = "DataGenerator", "DataGenerator\DataGenerator.csproj", "{91A0A545-F941-4E60-A2AF-EFEEC8B44309}"
EndProject
Project("{9A19103F-16F7-4668-BE54-9A1E7A4F7556}") = "SignalRClient", "SignalRClient\SignalRClient.csproj", "{142C9595-70E6-44EC-AC2B-202A88686467}"
EndProject
Project("{FAE04EC0-301F-11D3-BF4B-00C04F79EFBC}") = "Linq", "Linq\Linq.csproj", "{AA3ED516-7569-4BF0-84F1-BAD2FF1DA03E}"
EndProject
Global
	GlobalSection(SolutionConfigurationPlatforms) = preSolution
		Debug|Any CPU = Debug|Any CPU
		Release|Any CPU = Release|Any CPU
	EndGlobalSection
	GlobalSection(ProjectConfigurationPlatforms) = postSolution
		{89CE15BB-F684-4704-8B8E-04C0681032A7}.Debug|Any CPU.ActiveCfg = Debug|Any CPU
		{89CE15BB-F684-4704-8B8E-04C0681032A7}.Debug|Any CPU.Build.0 = Debug|Any CPU
		{89CE15BB-F684-4704-8B8E-04C0681032A7}.Release|Any CPU.ActiveCfg = Release|Any CPU
		{89CE15BB-F684-4704-8B8E-04C0681032A7}.Release|Any CPU.Build.0 = Release|Any CPU
		{14110707-FDCD-4958-8925-06CBF22D2BC1}.Debug|Any CPU.ActiveCfg = Debug|Any CPU
		{14110707-FDCD-4958-8925-06CBF22D2BC1}.Debug|Any CPU.Build.0 = Debug|Any CPU
		{14110707-FDCD-4958-8925-06CBF22D2BC1}.Release|Any CPU.ActiveCfg = Release|Any CPU
		{14110707-FDCD-4958-8925-06CBF22D2BC1}.Release|Any CPU.Build.0 = Release|Any CPU
		{91A0A545-F941-4E60-A2AF-EFEEC8B44309}.Debug|Any CPU.ActiveCfg = Debug|Any CPU
		{91A0A545-F941-4E60-A2AF-EFEEC8B44309}.Debug|Any CPU.Build.0 = Debug|Any CPU
		{91A0A545-F941-4E60-A2AF-EFEEC8B44309}.Release|Any CPU.ActiveCfg = Release|Any CPU
		{91A0A545-F941-4E60-A2AF-EFEEC8B44309}.Release|Any CPU.Build.0 = Release|Any CPU
		{142C9595-70E6-44EC-AC2B-202A88686467}.Debug|Any CPU.ActiveCfg = Debug|Any CPU
		{142C9595-70E6-44EC-AC2B-202A88686467}.Debug|Any CPU.Build.0 = Debug|Any CPU
		{142C9595-70E6-44EC-AC2B-202A88686467}.Release|Any CPU.ActiveCfg = Release|Any CPU
		{142C9595-70E6-44EC-AC2B-202A88686467}.Release|Any CPU.Build.0 = Release|Any CPU
		{AA3ED516-7569-4BF0-84F1-BAD2FF1DA03E}.Debug|Any CPU.ActiveCfg = Debug|Any CPU
		{AA3ED516-7569-4BF0-84F1-BAD2FF1DA03E}.Debug|Any CPU.Build.0 = Debug|Any CPU
		{AA3ED516-7569-4BF0-84F1-BAD2FF1DA03E}.Release|Any CPU.ActiveCfg = Release|Any CPU
		{AA3ED516-7569-4BF0-84F1-BAD2FF1DA03E}.Release|Any CPU.Build.0 = Release|Any CPU
	EndGlobalSection
	GlobalSection(SolutionProperties) = preSolution
		HideSolutionNode = FALSE
	EndGlobalSection
	GlobalSection(ExtensibilityGlobals) = postSolution
		SolutionGuid = {947A3288-9432-4AFD-BB72-112667C7613A}
	EndGlobalSection
EndGlobal
